{
  "pins" : [
    {
      "identity" : "keychain-swift",
      "kind" : "remoteSourceControl",
      "location" : "https://github.com/evgenyneu/keychain-swift.git",
      "state" : {
        "branch" : "master",
        "revision" : "95219e66c94b6ba25e7d6ece7aecf1ea13134174"
      }
    }
  ],
  "version" : 2
}
