// !$*UTF8*$!
{
	archiveVersion = 1;
	classes = {
	};
	objectVersion = 56;
	objects = {

/* Begin PBXBuildFile section */
		1F00C2E52AF9643300E5C2A0 /* kcHerosclase4App.swift in Sources */ = {isa = PBXBuildFile; fileRef = 1F00C2E42AF9643300E5C2A0 /* kcHerosclase4App.swift */; };
		1F00C2E72AF9643300E5C2A0 /* Persistence.swift in Sources */ = {isa = PBXBuildFile; fileRef = 1F00C2E62AF9643300E5C2A0 /* Persistence.swift */; };
		1F00C2EA2AF9643300E5C2A0 /* kcHerosclase4.xcdatamodeld in Sources */ = {isa = PBXBuildFile; fileRef = 1F00C2E82AF9643300E5C2A0 /* kcHerosclase4.xcdatamodeld */; };
		1F00C2EC2AF9643300E5C2A0 /* ContentView.swift in Sources */ = {isa = PBXBuildFile; fileRef = 1F00C2EB2AF9643300E5C2A0 /* ContentView.swift */; };
		1F00C2EE2AF9643500E5C2A0 /* Assets.xcassets in Resources */ = {isa = PBXBuildFile; fileRef = 1F00C2ED2AF9643500E5C2A0 /* Assets.xcassets */; };
		1F00C2F22AF9643500E5C2A0 /* Preview Assets.xcassets in Resources */ = {isa = PBXBuildFile; fileRef = 1F00C2F12AF9643500E5C2A0 /* Preview Assets.xcassets */; };
		1F00C2FC2AF9643500E5C2A0 /* kcHerosclase4Tests.swift in Sources */ = {isa = PBXBuildFile; fileRef = 1F00C2FB2AF9643500E5C2A0 /* kcHerosclase4Tests.swift */; };
		1F00C3062AF9643500E5C2A0 /* kcHerosclase4UITests.swift in Sources */ = {isa = PBXBuildFile; fileRef = 1F00C3052AF9643500E5C2A0 /* kcHerosclase4UITests.swift */; };
		1F00C3082AF9643500E5C2A0 /* kcHerosclase4UITestsLaunchTests.swift in Sources */ = {isa = PBXBuildFile; fileRef = 1F00C3072AF9643500E5C2A0 /* kcHerosclase4UITestsLaunchTests.swift */; };
		1F00C31C2AF9650C00E5C2A0 /* LoginView.swift in Sources */ = {isa = PBXBuildFile; fileRef = 1F00C31B2AF9650C00E5C2A0 /* LoginView.swift */; };
		1F00C3202AF966FD00E5C2A0 /* KeychainSwift in Frameworks */ = {isa = PBXBuildFile; productRef = 1F00C31F2AF966FD00E5C2A0 /* KeychainSwift */; };
		1F00C3232AF9681B00E5C2A0 /* Localizable.strings in Resources */ = {isa = PBXBuildFile; fileRef = 1F00C3252AF9681B00E5C2A0 /* Localizable.strings */; };
		1F00C3282AF96A7C00E5C2A0 /* Keychain.swift in Sources */ = {isa = PBXBuildFile; fileRef = 1F00C3272AF96A7C00E5C2A0 /* Keychain.swift */; };
		1F00C32A2AF96F4E00E5C2A0 /* RootViewModel.swift in Sources */ = {isa = PBXBuildFile; fileRef = 1F00C3292AF96F4E00E5C2A0 /* RootViewModel.swift */; };
		1F00C32C2AF97B4C00E5C2A0 /* StatusModel.swift in Sources */ = {isa = PBXBuildFile; fileRef = 1F00C32B2AF97B4C00E5C2A0 /* StatusModel.swift */; };
		1F00C32E2AF97C5E00E5C2A0 /* BaseNetwork.swift in Sources */ = {isa = PBXBuildFile; fileRef = 1F00C32D2AF97C5E00E5C2A0 /* BaseNetwork.swift */; };
		1F00C3302AF98AB500E5C2A0 /* PropertyWrappers.swift in Sources */ = {isa = PBXBuildFile; fileRef = 1F00C32F2AF98AB500E5C2A0 /* PropertyWrappers.swift */; };
		1F00C3322AF98D5D00E5C2A0 /* RootView.swift in Sources */ = {isa = PBXBuildFile; fileRef = 1F00C3312AF98D5D00E5C2A0 /* RootView.swift */; };
		1F00C3352AF98F6200E5C2A0 /* LoaderView.swift in Sources */ = {isa = PBXBuildFile; fileRef = 1F00C3342AF98F6200E5C2A0 /* LoaderView.swift */; };
		1F00C3372AF9902000E5C2A0 /* ErrorView.swift in Sources */ = {isa = PBXBuildFile; fileRef = 1F00C3362AF9902000E5C2A0 /* ErrorView.swift */; };
		1F00C33A2AF9928300E5C2A0 /* PrincipalView.swift in Sources */ = {isa = PBXBuildFile; fileRef = 1F00C3392AF9928300E5C2A0 /* PrincipalView.swift */; };
		1F00C33D2AF994F700E5C2A0 /* HeroesView.swift in Sources */ = {isa = PBXBuildFile; fileRef = 1F00C33C2AF994F700E5C2A0 /* HeroesView.swift */; };
		1F00C33F2AF9951300E5C2A0 /* HerosModel.swift in Sources */ = {isa = PBXBuildFile; fileRef = 1F00C33E2AF9951300E5C2A0 /* HerosModel.swift */; };
		1F00C3412AF997BF00E5C2A0 /* DeveloperModel.swift in Sources */ = {isa = PBXBuildFile; fileRef = 1F00C3402AF997BF00E5C2A0 /* DeveloperModel.swift */; };
		1FC7F3052AFAB92300E84D5B /* HeroesRowView.swift in Sources */ = {isa = PBXBuildFile; fileRef = 1FC7F3042AFAB92300E84D5B /* HeroesRowView.swift */; };
		1FDBE6432B028BED0085EF4D /* ViewInspector in Frameworks */ = {isa = PBXBuildFile; productRef = 1FDBE6422B028BED0085EF4D /* ViewInspector */; };
		1FDBE6452B029A300085EF4D /* Networker.swift in Sources */ = {isa = PBXBuildFile; fileRef = 1FDBE6442B029A300085EF4D /* Networker.swift */; };
		1FDBE6482B02A2540085EF4D /* HerosInteractor.swift in Sources */ = {isa = PBXBuildFile; fileRef = 1FDBE6472B02A2540085EF4D /* HerosInteractor.swift */; };
		1FE3BA012B0002B800F7F829 /* HeroesDetailView.swift in Sources */ = {isa = PBXBuildFile; fileRef = 1FE3BA002B0002B800F7F829 /* HeroesDetailView.swift */; };
		1FE3BA032B0009EF00F7F829 /* ViewModelDevelopers.swift in Sources */ = {isa = PBXBuildFile; fileRef = 1FE3BA022B0009EF00F7F829 /* ViewModelDevelopers.swift */; };
		1FE3BA062B000FDF00F7F829 /* DevelopersView.swift in Sources */ = {isa = PBXBuildFile; fileRef = 1FE3BA052B000FDF00F7F829 /* DevelopersView.swift */; };
		1FFECA3E2AFEB07100C5AB0D /* ViewModelHeros.swift in Sources */ = {isa = PBXBuildFile; fileRef = 1FFECA3D2AFEB07100C5AB0D /* ViewModelHeros.swift */; };
/* End PBXBuildFile section */

/* Begin PBXContainerItemProxy section */
		1F00C2F82AF9643500E5C2A0 /* PBXContainerItemProxy */ = {
			isa = PBXContainerItemProxy;
			containerPortal = 1F00C2D92AF9643300E5C2A0 /* Project object */;
			proxyType = 1;
			remoteGlobalIDString = 1F00C2E02AF9643300E5C2A0;
			remoteInfo = kcHerosclase4;
		};
		1F00C3022AF9643500E5C2A0 /* PBXContainerItemProxy */ = {
			isa = PBXContainerItemProxy;
			containerPortal = 1F00C2D92AF9643300E5C2A0 /* Project object */;
			proxyType = 1;
			remoteGlobalIDString = 1F00C2E02AF9643300E5C2A0;
			remoteInfo = kcHerosclase4;
		};
/* End PBXContainerItemProxy section */

/* Begin PBXFileReference section */
		1F00C2E12AF9643300E5C2A0 /* kcHerosclase4.app */ = {isa = PBXFileReference; explicitFileType = wrapper.application; includeInIndex = 0; path = kcHerosclase4.app; sourceTree = BUILT_PRODUCTS_DIR; };
		1F00C2E42AF9643300E5C2A0 /* kcHerosclase4App.swift */ = {isa = PBXFileReference; lastKnownFileType = sourcecode.swift; path = kcHerosclase4App.swift; sourceTree = "<group>"; };
		1F00C2E62AF9643300E5C2A0 /* Persistence.swift */ = {isa = PBXFileReference; lastKnownFileType = sourcecode.swift; path = Persistence.swift; sourceTree = "<group>"; };
		1F00C2E92AF9643300E5C2A0 /* kcHerosclase4.xcdatamodel */ = {isa = PBXFileReference; lastKnownFileType = wrapper.xcdatamodel; path = kcHerosclase4.xcdatamodel; sourceTree = "<group>"; };
		1F00C2EB2AF9643300E5C2A0 /* ContentView.swift */ = {isa = PBXFileReference; lastKnownFileType = sourcecode.swift; path = ContentView.swift; sourceTree = "<group>"; };
		1F00C2ED2AF9643500E5C2A0 /* Assets.xcassets */ = {isa = PBXFileReference; lastKnownFileType = folder.assetcatalog; path = Assets.xcassets; sourceTree = "<group>"; };
		1F00C2EF2AF9643500E5C2A0 /* kcHerosclase4.entitlements */ = {isa = PBXFileReference; lastKnownFileType = text.plist.entitlements; path = kcHerosclase4.entitlements; sourceTree = "<group>"; };
		1F00C2F12AF9643500E5C2A0 /* Preview Assets.xcassets */ = {isa = PBXFileReference; lastKnownFileType = folder.assetcatalog; path = "Preview Assets.xcassets"; sourceTree = "<group>"; };
		1F00C2F72AF9643500E5C2A0 /* kcHerosclase4Tests.xctest */ = {isa = PBXFileReference; explicitFileType = wrapper.cfbundle; includeInIndex = 0; path = kcHerosclase4Tests.xctest; sourceTree = BUILT_PRODUCTS_DIR; };
		1F00C2FB2AF9643500E5C2A0 /* kcHerosclase4Tests.swift */ = {isa = PBXFileReference; lastKnownFileType = sourcecode.swift; path = kcHerosclase4Tests.swift; sourceTree = "<group>"; };
		1F00C3012AF9643500E5C2A0 /* kcHerosclase4UITests.xctest */ = {isa = PBXFileReference; explicitFileType = wrapper.cfbundle; includeInIndex = 0; path = kcHerosclase4UITests.xctest; sourceTree = BUILT_PRODUCTS_DIR; };
		1F00C3052AF9643500E5C2A0 /* kcHerosclase4UITests.swift */ = {isa = PBXFileReference; lastKnownFileType = sourcecode.swift; path = kcHerosclase4UITests.swift; sourceTree = "<group>"; };
		1F00C3072AF9643500E5C2A0 /* kcHerosclase4UITestsLaunchTests.swift */ = {isa = PBXFileReference; lastKnownFileType = sourcecode.swift; path = kcHerosclase4UITestsLaunchTests.swift; sourceTree = "<group>"; };
		1F00C31B2AF9650C00E5C2A0 /* LoginView.swift */ = {isa = PBXFileReference; lastKnownFileType = sourcecode.swift; path = LoginView.swift; sourceTree = "<group>"; };
		1F00C31D2AF9656200E5C2A0 /* Info.plist */ = {isa = PBXFileReference; lastKnownFileType = text.plist; path = Info.plist; sourceTree = "<group>"; };
		1F00C3242AF9681B00E5C2A0 /* es */ = {isa = PBXFileReference; lastKnownFileType = text.plist.strings; name = es; path = es.lproj/Localizable.strings; sourceTree = "<group>"; };
		1F00C3262AF9682500E5C2A0 /* en */ = {isa = PBXFileReference; lastKnownFileType = text.plist.strings; name = en; path = en.lproj/Localizable.strings; sourceTree = "<group>"; };
		1F00C3272AF96A7C00E5C2A0 /* Keychain.swift */ = {isa = PBXFileReference; lastKnownFileType = sourcecode.swift; path = Keychain.swift; sourceTree = "<group>"; };
		1F00C3292AF96F4E00E5C2A0 /* RootViewModel.swift */ = {isa = PBXFileReference; lastKnownFileType = sourcecode.swift; path = RootViewModel.swift; sourceTree = "<group>"; };
		1F00C32B2AF97B4C00E5C2A0 /* StatusModel.swift */ = {isa = PBXFileReference; lastKnownFileType = sourcecode.swift; path = StatusModel.swift; sourceTree = "<group>"; };
		1F00C32D2AF97C5E00E5C2A0 /* BaseNetwork.swift */ = {isa = PBXFileReference; lastKnownFileType = sourcecode.swift; path = BaseNetwork.swift; sourceTree = "<group>"; };
		1F00C32F2AF98AB500E5C2A0 /* PropertyWrappers.swift */ = {isa = PBXFileReference; lastKnownFileType = sourcecode.swift; path = PropertyWrappers.swift; sourceTree = "<group>"; };
		1F00C3312AF98D5D00E5C2A0 /* RootView.swift */ = {isa = PBXFileReference; lastKnownFileType = sourcecode.swift; path = RootView.swift; sourceTree = "<group>"; };
		1F00C3342AF98F6200E5C2A0 /* LoaderView.swift */ = {isa = PBXFileReference; lastKnownFileType = sourcecode.swift; path = LoaderView.swift; sourceTree = "<group>"; };
		1F00C3362AF9902000E5C2A0 /* ErrorView.swift */ = {isa = PBXFileReference; lastKnownFileType = sourcecode.swift; path = ErrorView.swift; sourceTree = "<group>"; };
		1F00C3392AF9928300E5C2A0 /* PrincipalView.swift */ = {isa = PBXFileReference; lastKnownFileType = sourcecode.swift; path = PrincipalView.swift; sourceTree = "<group>"; };
		1F00C33C2AF994F700E5C2A0 /* HeroesView.swift */ = {isa = PBXFileReference; lastKnownFileType = sourcecode.swift; path = HeroesView.swift; sourceTree = "<group>"; };
		1F00C33E2AF9951300E5C2A0 /* HerosModel.swift */ = {isa = PBXFileReference; lastKnownFileType = sourcecode.swift; path = HerosModel.swift; sourceTree = "<group>"; };
		1F00C3402AF997BF00E5C2A0 /* DeveloperModel.swift */ = {isa = PBXFileReference; lastKnownFileType = sourcecode.swift; path = DeveloperModel.swift; sourceTree = "<group>"; };
		1FC7F3042AFAB92300E84D5B /* HeroesRowView.swift */ = {isa = PBXFileReference; lastKnownFileType = sourcecode.swift; path = HeroesRowView.swift; sourceTree = "<group>"; };
		1FDBE6442B029A300085EF4D /* Networker.swift */ = {isa = PBXFileReference; lastKnownFileType = sourcecode.swift; path = Networker.swift; sourceTree = "<group>"; };
		1FDBE6472B02A2540085EF4D /* HerosInteractor.swift */ = {isa = PBXFileReference; lastKnownFileType = sourcecode.swift; name = HerosInteractor.swift; path = kcHerosclase4/HerosInteractor.swift; sourceTree = SOURCE_ROOT; };
		1FE3BA002B0002B800F7F829 /* HeroesDetailView.swift */ = {isa = PBXFileReference; lastKnownFileType = sourcecode.swift; path = HeroesDetailView.swift; sourceTree = "<group>"; };
		1FE3BA022B0009EF00F7F829 /* ViewModelDevelopers.swift */ = {isa = PBXFileReference; lastKnownFileType = sourcecode.swift; path = ViewModelDevelopers.swift; sourceTree = "<group>"; };
		1FE3BA052B000FDF00F7F829 /* DevelopersView.swift */ = {isa = PBXFileReference; lastKnownFileType = sourcecode.swift; path = DevelopersView.swift; sourceTree = "<group>"; };
		1FFECA3D2AFEB07100C5AB0D /* ViewModelHeros.swift */ = {isa = PBXFileReference; lastKnownFileType = sourcecode.swift; path = ViewModelHeros.swift; sourceTree = "<group>"; };
/* End PBXFileReference section */

/* Begin PBXFrameworksBuildPhase section */
		1F00C2DE2AF9643300E5C2A0 /* Frameworks */ = {
			isa = PBXFrameworksBuildPhase;
			buildActionMask = 2147483647;
			files = (
				1F00C3202AF966FD00E5C2A0 /* KeychainSwift in Frameworks */,
			);
			runOnlyForDeploymentPostprocessing = 0;
		};
		1F00C2F42AF9643500E5C2A0 /* Frameworks */ = {
			isa = PBXFrameworksBuildPhase;
			buildActionMask = 2147483647;
			files = (
				1FDBE6432B028BED0085EF4D /* ViewInspector in Frameworks */,
			);
			runOnlyForDeploymentPostprocessing = 0;
		};
		1F00C2FE2AF9643500E5C2A0 /* Frameworks */ = {
			isa = PBXFrameworksBuildPhase;
			buildActionMask = 2147483647;
			files = (
			);
			runOnlyForDeploymentPostprocessing = 0;
		};
/* End PBXFrameworksBuildPhase section */

/* Begin PBXGroup section */
		1F00C2D82AF9643300E5C2A0 = {
			isa = PBXGroup;
			children = (
				1F00C2E32AF9643300E5C2A0 /* kcHerosclase4 */,
				1F00C2FA2AF9643500E5C2A0 /* kcHerosclase4Tests */,
				1F00C3042AF9643500E5C2A0 /* kcHerosclase4UITests */,
				1F00C2E22AF9643300E5C2A0 /* Products */,
			);
			sourceTree = "<group>";
		};
		1F00C2E22AF9643300E5C2A0 /* Products */ = {
			isa = PBXGroup;
			children = (
				1F00C2E12AF9643300E5C2A0 /* kcHerosclase4.app */,
				1F00C2F72AF9643500E5C2A0 /* kcHerosclase4Tests.xctest */,
				1F00C3012AF9643500E5C2A0 /* kcHerosclase4UITests.xctest */,
			);
			name = Products;
			sourceTree = "<group>";
		};
		1F00C2E32AF9643300E5C2A0 /* kcHerosclase4 */ = {
			isa = PBXGroup;
			children = (
				1F00C31D2AF9656200E5C2A0 /* Info.plist */,
				1F00C3192AF964C500E5C2A0 /* View */,
				1F00C3182AF964BB00E5C2A0 /* ViewModels */,
				1F00C3172AF964B400E5C2A0 /* Tools */,
				1F00C3162AF964AA00E5C2A0 /* Services */,
				1F00C3152AF964A000E5C2A0 /* Models */,
				1F00C3142AF9646600E5C2A0 /* old */,
				1F00C2E42AF9643300E5C2A0 /* kcHerosclase4App.swift */,
				1F00C2E62AF9643300E5C2A0 /* Persistence.swift */,
				1F00C2ED2AF9643500E5C2A0 /* Assets.xcassets */,
				1F00C2EF2AF9643500E5C2A0 /* kcHerosclase4.entitlements */,
				1F00C2E82AF9643300E5C2A0 /* kcHerosclase4.xcdatamodeld */,
				1F00C2F02AF9643500E5C2A0 /* Preview Content */,
				1F00C3252AF9681B00E5C2A0 /* Localizable.strings */,
			);
			path = kcHerosclase4;
			sourceTree = "<group>";
		};
		1F00C2F02AF9643500E5C2A0 /* Preview Content */ = {
			isa = PBXGroup;
			children = (
				1F00C2F12AF9643500E5C2A0 /* Preview Assets.xcassets */,
			);
			path = "Preview Content";
			sourceTree = "<group>";
		};
		1F00C2FA2AF9643500E5C2A0 /* kcHerosclase4Tests */ = {
			isa = PBXGroup;
			children = (
				1F00C2FB2AF9643500E5C2A0 /* kcHerosclase4Tests.swift */,
			);
			path = kcHerosclase4Tests;
			sourceTree = "<group>";
		};
		1F00C3042AF9643500E5C2A0 /* kcHerosclase4UITests */ = {
			isa = PBXGroup;
			children = (
				1F00C3052AF9643500E5C2A0 /* kcHerosclase4UITests.swift */,
				1F00C3072AF9643500E5C2A0 /* kcHerosclase4UITestsLaunchTests.swift */,
			);
			path = kcHerosclase4UITests;
			sourceTree = "<group>";
		};
		1F00C3142AF9646600E5C2A0 /* old */ = {
			isa = PBXGroup;
			children = (
				1F00C2EB2AF9643300E5C2A0 /* ContentView.swift */,
			);
			path = old;
			sourceTree = "<group>";
		};
		1F00C3152AF964A000E5C2A0 /* Models */ = {
			isa = PBXGroup;
			children = (
				1F00C32B2AF97B4C00E5C2A0 /* StatusModel.swift */,
				1F00C33E2AF9951300E5C2A0 /* HerosModel.swift */,
				1F00C3402AF997BF00E5C2A0 /* DeveloperModel.swift */,
			);
			path = Models;
			sourceTree = "<group>";
		};
		1F00C3162AF964AA00E5C2A0 /* Services */ = {
			isa = PBXGroup;
			children = (
				1F00C32D2AF97C5E00E5C2A0 /* BaseNetwork.swift */,
				1FDBE6442B029A300085EF4D /* Networker.swift */,
			);
			path = Services;
			sourceTree = "<group>";
		};
		1F00C3172AF964B400E5C2A0 /* Tools */ = {
			isa = PBXGroup;
			children = (
				1F00C3272AF96A7C00E5C2A0 /* Keychain.swift */,
				1F00C32F2AF98AB500E5C2A0 /* PropertyWrappers.swift */,
			);
			path = Tools;
			sourceTree = "<group>";
		};
		1F00C3182AF964BB00E5C2A0 /* ViewModels */ = {
			isa = PBXGroup;
			children = (
				1FDBE6462B02A1B60085EF4D /* CaseUse */,
				1F00C3292AF96F4E00E5C2A0 /* RootViewModel.swift */,
				1FFECA3D2AFEB07100C5AB0D /* ViewModelHeros.swift */,
				1FE3BA022B0009EF00F7F829 /* ViewModelDevelopers.swift */,
			);
			path = ViewModels;
			sourceTree = "<group>";
		};
		1F00C3192AF964C500E5C2A0 /* View */ = {
			isa = PBXGroup;
			children = (
				1F00C3382AF9927000E5C2A0 /* Principal */,
				1F00C3332AF98F4F00E5C2A0 /* Tools */,
				1F00C31A2AF964CD00E5C2A0 /* Login */,
				1F00C3312AF98D5D00E5C2A0 /* RootView.swift */,
			);
			path = View;
			sourceTree = "<group>";
		};
		1F00C31A2AF964CD00E5C2A0 /* Login */ = {
			isa = PBXGroup;
			children = (
				1F00C31B2AF9650C00E5C2A0 /* LoginView.swift */,
			);
			path = Login;
			sourceTree = "<group>";
		};
		1F00C3332AF98F4F00E5C2A0 /* Tools */ = {
			isa = PBXGroup;
			children = (
				1F00C3342AF98F6200E5C2A0 /* LoaderView.swift */,
				1F00C3362AF9902000E5C2A0 /* ErrorView.swift */,
			);
			path = Tools;
			sourceTree = "<group>";
		};
		1F00C3382AF9927000E5C2A0 /* Principal */ = {
			isa = PBXGroup;
			children = (
				1FE3BA042B000FCF00F7F829 /* Developers */,
				1F00C33B2AF994E400E5C2A0 /* Heroes */,
				1F00C3392AF9928300E5C2A0 /* PrincipalView.swift */,
			);
			path = Principal;
			sourceTree = "<group>";
		};
		1F00C33B2AF994E400E5C2A0 /* Heroes */ = {
			isa = PBXGroup;
			children = (
				1F00C33C2AF994F700E5C2A0 /* HeroesView.swift */,
				1FC7F3042AFAB92300E84D5B /* HeroesRowView.swift */,
				1FE3BA002B0002B800F7F829 /* HeroesDetailView.swift */,
			);
			path = Heroes;
			sourceTree = "<group>";
		};
		1FDBE6462B02A1B60085EF4D /* CaseUse */ = {
			isa = PBXGroup;
			children = (
				1FDBE6472B02A2540085EF4D /* HerosInteractor.swift */,
			);
			path = CaseUse;
			sourceTree = "<group>";
		};
		1FE3BA042B000FCF00F7F829 /* Developers */ = {
			isa = PBXGroup;
			children = (
				1FE3BA052B000FDF00F7F829 /* DevelopersView.swift */,
			);
			path = Developers;
			sourceTree = "<group>";
		};
/* End PBXGroup section */

/* Begin PBXNativeTarget section */
		1F00C2E02AF9643300E5C2A0 /* kcHerosclase4 */ = {
			isa = PBXNativeTarget;
			buildConfigurationList = 1F00C30B2AF9643500E5C2A0 /* Build configuration list for PBXNativeTarget "kcHerosclase4" */;
			buildPhases = (
				1F00C2DD2AF9643300E5C2A0 /* Sources */,
				1F00C2DE2AF9643300E5C2A0 /* Frameworks */,
				1F00C2DF2AF9643300E5C2A0 /* Resources */,
			);
			buildRules = (
			);
			dependencies = (
			);
			name = kcHerosclase4;
			packageProductDependencies = (
				1F00C31F2AF966FD00E5C2A0 /* KeychainSwift */,
			);
			productName = kcHerosclase4;
			productReference = 1F00C2E12AF9643300E5C2A0 /* kcHerosclase4.app */;
			productType = "com.apple.product-type.application";
		};
		1F00C2F62AF9643500E5C2A0 /* kcHerosclase4Tests */ = {
			isa = PBXNativeTarget;
			buildConfigurationList = 1F00C30E2AF9643500E5C2A0 /* Build configuration list for PBXNativeTarget "kcHerosclase4Tests" */;
			buildPhases = (
				1F00C2F32AF9643500E5C2A0 /* Sources */,
				1F00C2F42AF9643500E5C2A0 /* Frameworks */,
				1F00C2F52AF9643500E5C2A0 /* Resources */,
			);
			buildRules = (
			);
			dependencies = (
				1F00C2F92AF9643500E5C2A0 /* PBXTargetDependency */,
			);
			name = kcHerosclase4Tests;
			packageProductDependencies = (
				1FDBE6422B028BED0085EF4D /* ViewInspector */,
			);
			productName = kcHerosclase4Tests;
			productReference = 1F00C2F72AF9643500E5C2A0 /* kcHerosclase4Tests.xctest */;
			productType = "com.apple.product-type.bundle.unit-test";
		};
		1F00C3002AF9643500E5C2A0 /* kcHerosclase4UITests */ = {
			isa = PBXNativeTarget;
			buildConfigurationList = 1F00C3112AF9643500E5C2A0 /* Build configuration list for PBXNativeTarget "kcHerosclase4UITests" */;
			buildPhases = (
				1F00C2FD2AF9643500E5C2A0 /* Sources */,
				1F00C2FE2AF9643500E5C2A0 /* Frameworks */,
				1F00C2FF2AF9643500E5C2A0 /* Resources */,
			);
			buildRules = (
			);
			dependencies = (
				1F00C3032AF9643500E5C2A0 /* PBXTargetDependency */,
			);
			name = kcHerosclase4UITests;
			productName = kcHerosclase4UITests;
			productReference = 1F00C3012AF9643500E5C2A0 /* kcHerosclase4UITests.xctest */;
			productType = "com.apple.product-type.bundle.ui-testing";
		};
/* End PBXNativeTarget section */

/* Begin PBXProject section */
		1F00C2D92AF9643300E5C2A0 /* Project object */ = {
			isa = PBXProject;
			attributes = {
				BuildIndependentTargetsInParallel = 1;
				LastSwiftUpdateCheck = 1420;
				LastUpgradeCheck = 1420;
				TargetAttributes = {
					1F00C2E02AF9643300E5C2A0 = {
						CreatedOnToolsVersion = 14.2;
					};
					1F00C2F62AF9643500E5C2A0 = {
						CreatedOnToolsVersion = 14.2;
						TestTargetID = 1F00C2E02AF9643300E5C2A0;
					};
					1F00C3002AF9643500E5C2A0 = {
						CreatedOnToolsVersion = 14.2;
						TestTargetID = 1F00C2E02AF9643300E5C2A0;
					};
				};
			};
			buildConfigurationList = 1F00C2DC2AF9643300E5C2A0 /* Build configuration list for PBXProject "kcHerosclase4" */;
			compatibilityVersion = "Xcode 14.0";
			developmentRegion = en;
			hasScannedForEncodings = 0;
			knownRegions = (
				en,
				es,
				Base,
			);
			mainGroup = 1F00C2D82AF9643300E5C2A0;
			packageReferences = (
				1F00C31E2AF966FD00E5C2A0 /* XCRemoteSwiftPackageReference "keychain-swift" */,
				1FDBE6412B028BED0085EF4D /* XCRemoteSwiftPackageReference "ViewInspector" */,
			);
			productRefGroup = 1F00C2E22AF9643300E5C2A0 /* Products */;
			projectDirPath = "";
			projectRoot = "";
			targets = (
				1F00C2E02AF9643300E5C2A0 /* kcHerosclase4 */,
				1F00C2F62AF9643500E5C2A0 /* kcHerosclase4Tests */,
				1F00C3002AF9643500E5C2A0 /* kcHerosclase4UITests */,
			);
		};
/* End PBXProject section */

/* Begin PBXResourcesBuildPhase section */
		1F00C2DF2AF9643300E5C2A0 /* Resources */ = {
			isa = PBXResourcesBuildPhase;
			buildActionMask = 2147483647;
			files = (
				1F00C2F22AF9643500E5C2A0 /* Preview Assets.xcassets in Resources */,
				1F00C3232AF9681B00E5C2A0 /* Localizable.strings in Resources */,
				1F00C2EE2AF9643500E5C2A0 /* Assets.xcassets in Resources */,
			);
			runOnlyForDeploymentPostprocessing = 0;
		};
		1F00C2F52AF9643500E5C2A0 /* Resources */ = {
			isa = PBXResourcesBuildPhase;
			buildActionMask = 2147483647;
			files = (
			);
			runOnlyForDeploymentPostprocessing = 0;
		};
		1F00C2FF2AF9643500E5C2A0 /* Resources */ = {
			isa = PBXResourcesBuildPhase;
			buildActionMask = 2147483647;
			files = (
			);
			runOnlyForDeploymentPostprocessing = 0;
		};
/* End PBXResourcesBuildPhase section */

/* Begin PBXSourcesBuildPhase section */
		1F00C2DD2AF9643300E5C2A0 /* Sources */ = {
			isa = PBXSourcesBuildPhase;
			buildActionMask = 2147483647;
			files = (
				1F00C33F2AF9951300E5C2A0 /* HerosModel.swift in Sources */,
				1F00C2E52AF9643300E5C2A0 /* kcHerosclase4App.swift in Sources */,
				1F00C32C2AF97B4C00E5C2A0 /* StatusModel.swift in Sources */,
				1F00C32A2AF96F4E00E5C2A0 /* RootViewModel.swift in Sources */,
				1F00C32E2AF97C5E00E5C2A0 /* BaseNetwork.swift in Sources */,
				1FE3BA062B000FDF00F7F829 /* DevelopersView.swift in Sources */,
				1FC7F3052AFAB92300E84D5B /* HeroesRowView.swift in Sources */,
				1F00C3412AF997BF00E5C2A0 /* DeveloperModel.swift in Sources */,
				1FDBE6452B029A300085EF4D /* Networker.swift in Sources */,
				1F00C2E72AF9643300E5C2A0 /* Persistence.swift in Sources */,
				1FFECA3E2AFEB07100C5AB0D /* ViewModelHeros.swift in Sources */,
				1F00C33A2AF9928300E5C2A0 /* PrincipalView.swift in Sources */,
				1F00C33D2AF994F700E5C2A0 /* HeroesView.swift in Sources */,
				1F00C3352AF98F6200E5C2A0 /* LoaderView.swift in Sources */,
				1FE3BA032B0009EF00F7F829 /* ViewModelDevelopers.swift in Sources */,
				1F00C2EC2AF9643300E5C2A0 /* ContentView.swift in Sources */,
				1F00C31C2AF9650C00E5C2A0 /* LoginView.swift in Sources */,
				1F00C2EA2AF9643300E5C2A0 /* kcHerosclase4.xcdatamodeld in Sources */,
				1F00C3302AF98AB500E5C2A0 /* PropertyWrappers.swift in Sources */,
				1F00C3282AF96A7C00E5C2A0 /* Keychain.swift in Sources */,
				1FDBE6482B02A2540085EF4D /* HerosInteractor.swift in Sources */,
				1FE3BA012B0002B800F7F829 /* HeroesDetailView.swift in Sources */,
				1F00C3372AF9902000E5C2A0 /* ErrorView.swift in Sources */,
				1F00C3322AF98D5D00E5C2A0 /* RootView.swift in Sources */,
			);
			runOnlyForDeploymentPostprocessing = 0;
		};
		1F00C2F32AF9643500E5C2A0 /* Sources */ = {
			isa = PBXSourcesBuildPhase;
			buildActionMask = 2147483647;
			files = (
				1F00C2FC2AF9643500E5C2A0 /* kcHerosclase4Tests.swift in Sources */,
			);
			runOnlyForDeploymentPostprocessing = 0;
		};
		1F00C2FD2AF9643500E5C2A0 /* Sources */ = {
			isa = PBXSourcesBuildPhase;
			buildActionMask = 2147483647;
			files = (
				1F00C3082AF9643500E5C2A0 /* kcHerosclase4UITestsLaunchTests.swift in Sources */,
				1F00C3062AF9643500E5C2A0 /* kcHerosclase4UITests.swift in Sources */,
			);
			runOnlyForDeploymentPostprocessing = 0;
		};
/* End PBXSourcesBuildPhase section */

/* Begin PBXTargetDependency section */
		1F00C2F92AF9643500E5C2A0 /* PBXTargetDependency */ = {
			isa = PBXTargetDependency;
			target = 1F00C2E02AF9643300E5C2A0 /* kcHerosclase4 */;
			targetProxy = 1F00C2F82AF9643500E5C2A0 /* PBXContainerItemProxy */;
		};
		1F00C3032AF9643500E5C2A0 /* PBXTargetDependency */ = {
			isa = PBXTargetDependency;
			target = 1F00C2E02AF9643300E5C2A0 /* kcHerosclase4 */;
			targetProxy = 1F00C3022AF9643500E5C2A0 /* PBXContainerItemProxy */;
		};
/* End PBXTargetDependency section */

/* Begin PBXVariantGroup section */
		1F00C3252AF9681B00E5C2A0 /* Localizable.strings */ = {
			isa = PBXVariantGroup;
			children = (
				1F00C3242AF9681B00E5C2A0 /* es */,
				1F00C3262AF9682500E5C2A0 /* en */,
			);
			name = Localizable.strings;
			sourceTree = "<group>";
		};
/* End PBXVariantGroup section */

/* Begin XCBuildConfiguration section */
		1F00C3092AF9643500E5C2A0 /* Debug */ = {
			isa = XCBuildConfiguration;
			buildSettings = {
				ALWAYS_SEARCH_USER_PATHS = NO;
				CLANG_ANALYZER_NONNULL = YES;
				CLANG_ANALYZER_NUMBER_OBJECT_CONVERSION = YES_AGGRESSIVE;
				CLANG_CXX_LANGUAGE_STANDARD = "gnu++20";
				CLANG_ENABLE_MODULES = YES;
				CLANG_ENABLE_OBJC_ARC = YES;
				CLANG_ENABLE_OBJC_WEAK = YES;
				CLANG_WARN_BLOCK_CAPTURE_AUTORELEASING = YES;
				CLANG_WARN_BOOL_CONVERSION = YES;
				CLANG_WARN_COMMA = YES;
				CLANG_WARN_CONSTANT_CONVERSION = YES;
				CLANG_WARN_DEPRECATED_OBJC_IMPLEMENTATIONS = YES;
				CLANG_WARN_DIRECT_OBJC_ISA_USAGE = YES_ERROR;
				CLANG_WARN_DOCUMENTATION_COMMENTS = YES;
				CLANG_WARN_EMPTY_BODY = YES;
				CLANG_WARN_ENUM_CONVERSION = YES;
				CLANG_WARN_INFINITE_RECURSION = YES;
				CLANG_WARN_INT_CONVERSION = YES;
				CLANG_WARN_NON_LITERAL_NULL_CONVERSION = YES;
				CLANG_WARN_OBJC_IMPLICIT_RETAIN_SELF = YES;
				CLANG_WARN_OBJC_LITERAL_CONVERSION = YES;
				CLANG_WARN_OBJC_ROOT_CLASS = YES_ERROR;
				CLANG_WARN_QUOTED_INCLUDE_IN_FRAMEWORK_HEADER = YES;
				CLANG_WARN_RANGE_LOOP_ANALYSIS = YES;
				CLANG_WARN_STRICT_PROTOTYPES = YES;
				CLANG_WARN_SUSPICIOUS_MOVE = YES;
				CLANG_WARN_UNGUARDED_AVAILABILITY = YES_AGGRESSIVE;
				CLANG_WARN_UNREACHABLE_CODE = YES;
				CLANG_WARN__DUPLICATE_METHOD_MATCH = YES;
				COPY_PHASE_STRIP = NO;
				DEBUG_INFORMATION_FORMAT = dwarf;
				ENABLE_STRICT_OBJC_MSGSEND = YES;
				ENABLE_TESTABILITY = YES;
				GCC_C_LANGUAGE_STANDARD = gnu11;
				GCC_DYNAMIC_NO_PIC = NO;
				GCC_NO_COMMON_BLOCKS = YES;
				GCC_OPTIMIZATION_LEVEL = 0;
				GCC_PREPROCESSOR_DEFINITIONS = (
					"DEBUG=1",
					"$(inherited)",
				);
				GCC_WARN_64_TO_32_BIT_CONVERSION = YES;
				GCC_WARN_ABOUT_RETURN_TYPE = YES_ERROR;
				GCC_WARN_UNDECLARED_SELECTOR = YES;
				GCC_WARN_UNINITIALIZED_AUTOS = YES_AGGRESSIVE;
				GCC_WARN_UNUSED_FUNCTION = YES;
				GCC_WARN_UNUSED_VARIABLE = YES;
				MTL_ENABLE_DEBUG_INFO = INCLUDE_SOURCE;
				MTL_FAST_MATH = YES;
				ONLY_ACTIVE_ARCH = YES;
				SWIFT_ACTIVE_COMPILATION_CONDITIONS = DEBUG;
				SWIFT_OPTIMIZATION_LEVEL = "-Onone";
			};
			name = Debug;
		};
		1F00C30A2AF9643500E5C2A0 /* Release */ = {
			isa = XCBuildConfiguration;
			buildSettings = {
				ALWAYS_SEARCH_USER_PATHS = NO;
				CLANG_ANALYZER_NONNULL = YES;
				CLANG_ANALYZER_NUMBER_OBJECT_CONVERSION = YES_AGGRESSIVE;
				CLANG_CXX_LANGUAGE_STANDARD = "gnu++20";
				CLANG_ENABLE_MODULES = YES;
				CLANG_ENABLE_OBJC_ARC = YES;
				CLANG_ENABLE_OBJC_WEAK = YES;
				CLANG_WARN_BLOCK_CAPTURE_AUTORELEASING = YES;
				CLANG_WARN_BOOL_CONVERSION = YES;
				CLANG_WARN_COMMA = YES;
				CLANG_WARN_CONSTANT_CONVERSION = YES;
				CLANG_WARN_DEPRECATED_OBJC_IMPLEMENTATIONS = YES;
				CLANG_WARN_DIRECT_OBJC_ISA_USAGE = YES_ERROR;
				CLANG_WARN_DOCUMENTATION_COMMENTS = YES;
				CLANG_WARN_EMPTY_BODY = YES;
				CLANG_WARN_ENUM_CONVERSION = YES;
				CLANG_WARN_INFINITE_RECURSION = YES;
				CLANG_WARN_INT_CONVERSION = YES;
				CLANG_WARN_NON_LITERAL_NULL_CONVERSION = YES;
				CLANG_WARN_OBJC_IMPLICIT_RETAIN_SELF = YES;
				CLANG_WARN_OBJC_LITERAL_CONVERSION = YES;
				CLANG_WARN_OBJC_ROOT_CLASS = YES_ERROR;
				CLANG_WARN_QUOTED_INCLUDE_IN_FRAMEWORK_HEADER = YES;
				CLANG_WARN_RANGE_LOOP_ANALYSIS = YES;
				CLANG_WARN_STRICT_PROTOTYPES = YES;
				CLANG_WARN_SUSPICIOUS_MOVE = YES;
				CLANG_WARN_UNGUARDED_AVAILABILITY = YES_AGGRESSIVE;
				CLANG_WARN_UNREACHABLE_CODE = YES;
				CLANG_WARN__DUPLICATE_METHOD_MATCH = YES;
				COPY_PHASE_STRIP = NO;
				DEBUG_INFORMATION_FORMAT = "dwarf-with-dsym";
				ENABLE_NS_ASSERTIONS = NO;
				ENABLE_STRICT_OBJC_MSGSEND = YES;
				GCC_C_LANGUAGE_STANDARD = gnu11;
				GCC_NO_COMMON_BLOCKS = YES;
				GCC_WARN_64_TO_32_BIT_CONVERSION = YES;
				GCC_WARN_ABOUT_RETURN_TYPE = YES_ERROR;
				GCC_WARN_UNDECLARED_SELECTOR = YES;
				GCC_WARN_UNINITIALIZED_AUTOS = YES_AGGRESSIVE;
				GCC_WARN_UNUSED_FUNCTION = YES;
				GCC_WARN_UNUSED_VARIABLE = YES;
				MTL_ENABLE_DEBUG_INFO = NO;
				MTL_FAST_MATH = YES;
				SWIFT_COMPILATION_MODE = wholemodule;
				SWIFT_OPTIMIZATION_LEVEL = "-O";
			};
			name = Release;
		};
		1F00C30C2AF9643500E5C2A0 /* Debug */ = {
			isa = XCBuildConfiguration;
			buildSettings = {
				ASSETCATALOG_COMPILER_APPICON_NAME = AppIcon;
				ASSETCATALOG_COMPILER_GLOBAL_ACCENT_COLOR_NAME = AccentColor;
				CODE_SIGN_ENTITLEMENTS = kcHerosclase4/kcHerosclase4.entitlements;
				CODE_SIGN_STYLE = Automatic;
				CURRENT_PROJECT_VERSION = 1;
				DEVELOPMENT_ASSET_PATHS = "\"kcHerosclase4/Preview Content\"";
				DEVELOPMENT_TEAM = Z6336UHQ5Z;
				ENABLE_HARDENED_RUNTIME = YES;
				ENABLE_PREVIEWS = YES;
				GENERATE_INFOPLIST_FILE = YES;
				INFOPLIST_FILE = kcHerosclase4/Info.plist;
				"INFOPLIST_KEY_UIApplicationSceneManifest_Generation[sdk=iphoneos*]" = YES;
				"INFOPLIST_KEY_UIApplicationSceneManifest_Generation[sdk=iphonesimulator*]" = YES;
				"INFOPLIST_KEY_UIApplicationSupportsIndirectInputEvents[sdk=iphoneos*]" = YES;
				"INFOPLIST_KEY_UIApplicationSupportsIndirectInputEvents[sdk=iphonesimulator*]" = YES;
				"INFOPLIST_KEY_UILaunchScreen_Generation[sdk=iphoneos*]" = YES;
				"INFOPLIST_KEY_UILaunchScreen_Generation[sdk=iphonesimulator*]" = YES;
				"INFOPLIST_KEY_UIStatusBarStyle[sdk=iphoneos*]" = UIStatusBarStyleDefault;
				"INFOPLIST_KEY_UIStatusBarStyle[sdk=iphonesimulator*]" = UIStatusBarStyleDefault;
				INFOPLIST_KEY_UISupportedInterfaceOrientations_iPad = "UIInterfaceOrientationPortrait UIInterfaceOrientationPortraitUpsideDown UIInterfaceOrientationLandscapeLeft UIInterfaceOrientationLandscapeRight";
				INFOPLIST_KEY_UISupportedInterfaceOrientations_iPhone = "UIInterfaceOrientationPortrait UIInterfaceOrientationLandscapeLeft UIInterfaceOrientationLandscapeRight";
				IPHONEOS_DEPLOYMENT_TARGET = 16.2;
				LD_RUNPATH_SEARCH_PATHS = "@executable_path/Frameworks";
				"LD_RUNPATH_SEARCH_PATHS[sdk=macosx*]" = "@executable_path/../Frameworks";
				MACOSX_DEPLOYMENT_TARGET = 13.1;
				MARKETING_VERSION = 1.0;
				PRODUCT_BUNDLE_IDENTIFIER = IBV.kcHerosclase4;
				PRODUCT_NAME = "$(TARGET_NAME)";
				SDKROOT = auto;
				SUPPORTED_PLATFORMS = "iphoneos iphonesimulator macosx";
				SWIFT_EMIT_LOC_STRINGS = YES;
				SWIFT_VERSION = 5.0;
				TARGETED_DEVICE_FAMILY = "1,2";
			};
			name = Debug;
		};
		1F00C30D2AF9643500E5C2A0 /* Release */ = {
			isa = XCBuildConfiguration;
			buildSettings = {
				ASSETCATALOG_COMPILER_APPICON_NAME = AppIcon;
				ASSETCATALOG_COMPILER_GLOBAL_ACCENT_COLOR_NAME = AccentColor;
				CODE_SIGN_ENTITLEMENTS = kcHerosclase4/kcHerosclase4.entitlements;
				CODE_SIGN_STYLE = Automatic;
				CURRENT_PROJECT_VERSION = 1;
				DEVELOPMENT_ASSET_PATHS = "\"kcHerosclase4/Preview Content\"";
				DEVELOPMENT_TEAM = Z6336UHQ5Z;
				ENABLE_HARDENED_RUNTIME = YES;
				ENABLE_PREVIEWS = YES;
				GENERATE_INFOPLIST_FILE = YES;
				INFOPLIST_FILE = kcHerosclase4/Info.plist;
				"INFOPLIST_KEY_UIApplicationSceneManifest_Generation[sdk=iphoneos*]" = YES;
				"INFOPLIST_KEY_UIApplicationSceneManifest_Generation[sdk=iphonesimulator*]" = YES;
				"INFOPLIST_KEY_UIApplicationSupportsIndirectInputEvents[sdk=iphoneos*]" = YES;
				"INFOPLIST_KEY_UIApplicationSupportsIndirectInputEvents[sdk=iphonesimulator*]" = YES;
				"INFOPLIST_KEY_UILaunchScreen_Generation[sdk=iphoneos*]" = YES;
				"INFOPLIST_KEY_UILaunchScreen_Generation[sdk=iphonesimulator*]" = YES;
				"INFOPLIST_KEY_UIStatusBarStyle[sdk=iphoneos*]" = UIStatusBarStyleDefault;
				"INFOPLIST_KEY_UIStatusBarStyle[sdk=iphonesimulator*]" = UIStatusBarStyleDefault;
				INFOPLIST_KEY_UISupportedInterfaceOrientations_iPad = "UIInterfaceOrientationPortrait UIInterfaceOrientationPortraitUpsideDown UIInterfaceOrientationLandscapeLeft UIInterfaceOrientationLandscapeRight";
				INFOPLIST_KEY_UISupportedInterfaceOrientations_iPhone = "UIInterfaceOrientationPortrait UIInterfaceOrientationLandscapeLeft UIInterfaceOrientationLandscapeRight";
				IPHONEOS_DEPLOYMENT_TARGET = 16.2;
				LD_RUNPATH_SEARCH_PATHS = "@executable_path/Frameworks";
				"LD_RUNPATH_SEARCH_PATHS[sdk=macosx*]" = "@executable_path/../Frameworks";
				MACOSX_DEPLOYMENT_TARGET = 13.1;
				MARKETING_VERSION = 1.0;
				PRODUCT_BUNDLE_IDENTIFIER = IBV.kcHerosclase4;
				PRODUCT_NAME = "$(TARGET_NAME)";
				SDKROOT = auto;
				SUPPORTED_PLATFORMS = "iphoneos iphonesimulator macosx";
				SWIFT_EMIT_LOC_STRINGS = YES;
				SWIFT_VERSION = 5.0;
				TARGETED_DEVICE_FAMILY = "1,2";
			};
			name = Release;
		};
		1F00C30F2AF9643500E5C2A0 /* Debug */ = {
			isa = XCBuildConfiguration;
			buildSettings = {
				ALWAYS_EMBED_SWIFT_STANDARD_LIBRARIES = YES;
				BUNDLE_LOADER = "$(TEST_HOST)";
				CODE_SIGN_STYLE = Automatic;
				CURRENT_PROJECT_VERSION = 1;
				DEVELOPMENT_TEAM = Z6336UHQ5Z;
				GENERATE_INFOPLIST_FILE = YES;
				IPHONEOS_DEPLOYMENT_TARGET = 16.2;
				MACOSX_DEPLOYMENT_TARGET = 12.7;
				MARKETING_VERSION = 1.0;
				PRODUCT_BUNDLE_IDENTIFIER = IBV.kcHerosclase4Tests;
				PRODUCT_NAME = "$(TARGET_NAME)";
				SDKROOT = auto;
				SUPPORTED_PLATFORMS = "iphoneos iphonesimulator macosx";
				SWIFT_EMIT_LOC_STRINGS = NO;
				SWIFT_VERSION = 5.0;
				TARGETED_DEVICE_FAMILY = "1,2";
				TEST_HOST = "$(BUILT_PRODUCTS_DIR)/kcHerosclase4.app/$(BUNDLE_EXECUTABLE_FOLDER_PATH)/kcHerosclase4";
			};
			name = Debug;
		};
		1F00C3102AF9643500E5C2A0 /* Release */ = {
			isa = XCBuildConfiguration;
			buildSettings = {
				ALWAYS_EMBED_SWIFT_STANDARD_LIBRARIES = YES;
				BUNDLE_LOADER = "$(TEST_HOST)";
				CODE_SIGN_STYLE = Automatic;
				CURRENT_PROJECT_VERSION = 1;
				DEVELOPMENT_TEAM = Z6336UHQ5Z;
				GENERATE_INFOPLIST_FILE = YES;
				IPHONEOS_DEPLOYMENT_TARGET = 16.2;
				MACOSX_DEPLOYMENT_TARGET = 12.7;
				MARKETING_VERSION = 1.0;
				PRODUCT_BUNDLE_IDENTIFIER = IBV.kcHerosclase4Tests;
				PRODUCT_NAME = "$(TARGET_NAME)";
				SDKROOT = auto;
				SUPPORTED_PLATFORMS = "iphoneos iphonesimulator macosx";
				SWIFT_EMIT_LOC_STRINGS = NO;
				SWIFT_VERSION = 5.0;
				TARGETED_DEVICE_FAMILY = "1,2";
				TEST_HOST = "$(BUILT_PRODUCTS_DIR)/kcHerosclase4.app/$(BUNDLE_EXECUTABLE_FOLDER_PATH)/kcHerosclase4";
			};
			name = Release;
		};
		1F00C3122AF9643500E5C2A0 /* Debug */ = {
			isa = XCBuildConfiguration;
			buildSettings = {
				ALWAYS_EMBED_SWIFT_STANDARD_LIBRARIES = YES;
				CODE_SIGN_STYLE = Automatic;
				CURRENT_PROJECT_VERSION = 1;
				DEVELOPMENT_TEAM = Z6336UHQ5Z;
				GENERATE_INFOPLIST_FILE = YES;
				IPHONEOS_DEPLOYMENT_TARGET = 16.2;
				MACOSX_DEPLOYMENT_TARGET = 12.7;
				MARKETING_VERSION = 1.0;
				PRODUCT_BUNDLE_IDENTIFIER = IBV.kcHerosclase4UITests;
				PRODUCT_NAME = "$(TARGET_NAME)";
				SDKROOT = auto;
				SUPPORTED_PLATFORMS = "iphoneos iphonesimulator macosx";
				SWIFT_EMIT_LOC_STRINGS = NO;
				SWIFT_VERSION = 5.0;
				TARGETED_DEVICE_FAMILY = "1,2";
				TEST_TARGET_NAME = kcHerosclase4;
			};
			name = Debug;
		};
		1F00C3132AF9643500E5C2A0 /* Release */ = {
			isa = XCBuildConfiguration;
			buildSettings = {
				ALWAYS_EMBED_SWIFT_STANDARD_LIBRARIES = YES;
				CODE_SIGN_STYLE = Automatic;
				CURRENT_PROJECT_VERSION = 1;
				DEVELOPMENT_TEAM = Z6336UHQ5Z;
				GENERATE_INFOPLIST_FILE = YES;
				IPHONEOS_DEPLOYMENT_TARGET = 16.2;
				MACOSX_DEPLOYMENT_TARGET = 12.7;
				MARKETING_VERSION = 1.0;
				PRODUCT_BUNDLE_IDENTIFIER = IBV.kcHerosclase4UITests;
				PRODUCT_NAME = "$(TARGET_NAME)";
				SDKROOT = auto;
				SUPPORTED_PLATFORMS = "iphoneos iphonesimulator macosx";
				SWIFT_EMIT_LOC_STRINGS = NO;
				SWIFT_VERSION = 5.0;
				TARGETED_DEVICE_FAMILY = "1,2";
				TEST_TARGET_NAME = kcHerosclase4;
			};
			name = Release;
		};
/* End XCBuildConfiguration section */

/* Begin XCConfigurationList section */
		1F00C2DC2AF9643300E5C2A0 /* Build configuration list for PBXProject "kcHerosclase4" */ = {
			isa = XCConfigurationList;
			buildConfigurations = (
				1F00C3092AF9643500E5C2A0 /* Debug */,
				1F00C30A2AF9643500E5C2A0 /* Release */,
			);
			defaultConfigurationIsVisible = 0;
			defaultConfigurationName = Release;
		};
		1F00C30B2AF9643500E5C2A0 /* Build configuration list for PBXNativeTarget "kcHerosclase4" */ = {
			isa = XCConfigurationList;
			buildConfigurations = (
				1F00C30C2AF9643500E5C2A0 /* Debug */,
				1F00C30D2AF9643500E5C2A0 /* Release */,
			);
			defaultConfigurationIsVisible = 0;
			defaultConfigurationName = Release;
		};
		1F00C30E2AF9643500E5C2A0 /* Build configuration list for PBXNativeTarget "kcHerosclase4Tests" */ = {
			isa = XCConfigurationList;
			buildConfigurations = (
				1F00C30F2AF9643500E5C2A0 /* Debug */,
				1F00C3102AF9643500E5C2A0 /* Release */,
			);
			defaultConfigurationIsVisible = 0;
			defaultConfigurationName = Release;
		};
		1F00C3112AF9643500E5C2A0 /* Build configuration list for PBXNativeTarget "kcHerosclase4UITests" */ = {
			isa = XCConfigurationList;
			buildConfigurations = (
				1F00C3122AF9643500E5C2A0 /* Debug */,
				1F00C3132AF9643500E5C2A0 /* Release */,
			);
			defaultConfigurationIsVisible = 0;
			defaultConfigurationName = Release;
		};
/* End XCConfigurationList section */

/* Begin XCRemoteSwiftPackageReference section */
		1F00C31E2AF966FD00E5C2A0 /* XCRemoteSwiftPackageReference "keychain-swift" */ = {
			isa = XCRemoteSwiftPackageReference;
			repositoryURL = "https://github.com/evgenyneu/keychain-swift.git";
			requirement = {
				branch = master;
				kind = branch;
			};
		};
		1FDBE6412B028BED0085EF4D /* XCRemoteSwiftPackageReference "ViewInspector" */ = {
			isa = XCRemoteSwiftPackageReference;
			repositoryURL = "https://github.com/nalexn/ViewInspector";
			requirement = {
				kind = upToNextMajorVersion;
				minimumVersion = 0.9.8;
			};
		};
/* End XCRemoteSwiftPackageReference section */

/* Begin XCSwiftPackageProductDependency section */
		1F00C31F2AF966FD00E5C2A0 /* KeychainSwift */ = {
			isa = XCSwiftPackageProductDependency;
			package = 1F00C31E2AF966FD00E5C2A0 /* XCRemoteSwiftPackageReference "keychain-swift" */;
			productName = KeychainSwift;
		};
		1FDBE6422B028BED0085EF4D /* ViewInspector */ = {
			isa = XCSwiftPackageProductDependency;
			package = 1FDBE6412B028BED0085EF4D /* XCRemoteSwiftPackageReference "ViewInspector" */;
			productName = ViewInspector;
		};
/* End XCSwiftPackageProductDependency section */

/* Begin XCVersionGroup section */
		1F00C2E82AF9643300E5C2A0 /* kcHerosclase4.xcdatamodeld */ = {
			isa = XCVersionGroup;
			children = (
				1F00C2E92AF9643300E5C2A0 /* kcHerosclase4.xcdatamodel */,
			);
			currentVersion = 1F00C2E92AF9643300E5C2A0 /* kcHerosclase4.xcdatamodel */;
			path = kcHerosclase4.xcdatamodeld;
			sourceTree = "<group>";
			versionGroupType = wrapper.xcdatamodel;
		};
/* End XCVersionGroup section */
	};
	rootObject = 1F00C2D92AF9643300E5C2A0 /* Project object */;
}
